
Microsoft Visual Studio Solution File, Format Version 12.00
# Visual Studio Version 16
VisualStudioVersion = 16.0.32413.511
MinimumVisualStudioVersion = 10.0.40219.1
Project("{FAE04EC0-301F-11D3-BF4B-00C04F79EFBC}") = "MikoVm2", "MikoVm2.csproj", "{D029C109-3E38-4D8F-90EC-A89A9931A556}"
EndProject
Global
	GlobalSection(SolutionConfigurationPlatforms) = preSolution
		Debug|Any CPU = Debug|Any CPU
		Release|Any CPU = Release|Any CPU
	EndGlobalSection
	GlobalSection(ProjectConfigurationPlatforms) = postSolution
		{D029C109-3E38-4D8F-90EC-A89A9931A556}.Debug|Any CPU.ActiveCfg = Debug|Any CPU
		{D029C109-3E38-4D8F-90EC-A89A9931A556}.Debug|Any CPU.Build.0 = Debug|Any CPU
		{D029C109-3E38-4D8F-90EC-A89A9931A556}.Release|Any CPU.ActiveCfg = Release|Any CPU
		{D029C109-3E38-4D8F-90EC-A89A9931A556}.Release|Any CPU.Build.0 = Release|Any CPU
	EndGlobalSection
	GlobalSection(SolutionProperties) = preSolution
		HideSolutionNode = FALSE
	EndGlobalSection
	GlobalSection(ExtensibilityGlobals) = postSolution
		SolutionGuid = {8682DB07-EDA8-4E48-B00F-1262560945D0}
	EndGlobalSection
EndGlobal
